// !$*UTF8*$!
{
	archiveVersion = 1;
	classes = {
	};
	objectVersion = 50;
	objects = {

/* Begin PBXBuildFile section */
		044AAB7A21E82AA3009F0EA2 /* UIView+WQFrame.m in Sources */ = {isa = PBXBuildFile; fileRef = 044AAB7921E82AA3009F0EA2 /* UIView+WQFrame.m */; };
		044AAB7F21E86CCC009F0EA2 /* NSObject+NotificationHelper.m in Sources */ = {isa = PBXBuildFile; fileRef = 044AAB7E21E86CCC009F0EA2 /* NSObject+NotificationHelper.m */; };
		048CE15921E6DC7D00FF03E7 /* AppDelegate.m in Sources */ = {isa = PBXBuildFile; fileRef = 048CE15821E6DC7D00FF03E7 /* AppDelegate.m */; };
		048CE15C21E6DC7D00FF03E7 /* ViewController.m in Sources */ = {isa = PBXBuildFile; fileRef = 048CE15B21E6DC7D00FF03E7 /* ViewController.m */; };
		048CE15F21E6DC7D00FF03E7 /* Main.storyboard in Resources */ = {isa = PBXBuildFile; fileRef = 048CE15D21E6DC7D00FF03E7 /* Main.storyboard */; };
		048CE16121E6DC7F00FF03E7 /* Assets.xcassets in Resources */ = {isa = PBXBuildFile; fileRef = 048CE16021E6DC7F00FF03E7 /* Assets.xcassets */; };
		048CE16421E6DC7F00FF03E7 /* LaunchScreen.storyboard in Resources */ = {isa = PBXBuildFile; fileRef = 048CE16221E6DC7F00FF03E7 /* LaunchScreen.storyboard */; };
		048CE16721E6DC7F00FF03E7 /* main.m in Sources */ = {isa = PBXBuildFile; fileRef = 048CE16621E6DC7F00FF03E7 /* main.m */; };
		048CE17921E6F10900FF03E7 /* WQHomeViewController.m in Sources */ = {isa = PBXBuildFile; fileRef = 048CE17821E6F10900FF03E7 /* WQHomeViewController.m */; };
		048CE19321E7142000FF03E7 /* WGControllerPush.m in Sources */ = {isa = PBXBuildFile; fileRef = 048CE19121E7142000FF03E7 /* WGControllerPush.m */; };
		048CE19721E717A100FF03E7 /* UIButton+WWBtnClickDelay.m in Sources */ = {isa = PBXBuildFile; fileRef = 048CE19621E717A100FF03E7 /* UIButton+WWBtnClickDelay.m */; };
		048CE19B21E7429400FF03E7 /* WQLoadingView.m in Sources */ = {isa = PBXBuildFile; fileRef = 048CE19A21E7429400FF03E7 /* WQLoadingView.m */; };
/* End PBXBuildFile section */

/* Begin PBXFileReference section */
		044AAB7821E82AA3009F0EA2 /* UIView+WQFrame.h */ = {isa = PBXFileReference; lastKnownFileType = sourcecode.c.h; path = "UIView+WQFrame.h"; sourceTree = "<group>"; };
		044AAB7921E82AA3009F0EA2 /* UIView+WQFrame.m */ = {isa = PBXFileReference; lastKnownFileType = sourcecode.c.objc; path = "UIView+WQFrame.m"; sourceTree = "<group>"; };
		044AAB7C21E86CCC009F0EA2 /* NotificationHelper.h */ = {isa = PBXFileReference; fileEncoding = 4; lastKnownFileType = sourcecode.c.h; path = NotificationHelper.h; sourceTree = "<group>"; };
		044AAB7D21E86CCC009F0EA2 /* NSObject+NotificationHelper.h */ = {isa = PBXFileReference; fileEncoding = 4; lastKnownFileType = sourcecode.c.h; path = "NSObject+NotificationHelper.h"; sourceTree = "<group>"; };
		044AAB7E21E86CCC009F0EA2 /* NSObject+NotificationHelper.m */ = {isa = PBXFileReference; fileEncoding = 4; lastKnownFileType = sourcecode.c.objc; path = "NSObject+NotificationHelper.m"; sourceTree = "<group>"; };
		048CE15421E6DC7D00FF03E7 /* BaseAPPFramework.app */ = {isa = PBXFileReference; explicitFileType = wrapper.application; includeInIndex = 0; path = BaseAPPFramework.app; sourceTree = BUILT_PRODUCTS_DIR; };
		048CE15721E6DC7D00FF03E7 /* AppDelegate.h */ = {isa = PBXFileReference; lastKnownFileType = sourcecode.c.h; path = AppDelegate.h; sourceTree = "<group>"; };
		048CE15821E6DC7D00FF03E7 /* AppDelegate.m */ = {isa = PBXFileReference; lastKnownFileType = sourcecode.c.objc; path = AppDelegate.m; sourceTree = "<group>"; };
		048CE15A21E6DC7D00FF03E7 /* ViewController.h */ = {isa = PBXFileReference; lastKnownFileType = sourcecode.c.h; path = ViewController.h; sourceTree = "<group>"; };
		048CE15B21E6DC7D00FF03E7 /* ViewController.m */ = {isa = PBXFileReference; lastKnownFileType = sourcecode.c.objc; path = ViewController.m; sourceTree = "<group>"; };
		048CE15E21E6DC7D00FF03E7 /* Base */ = {isa = PBXFileReference; lastKnownFileType = file.storyboard; name = Base; path = Base.lproj/Main.storyboard; sourceTree = "<group>"; };
		048CE16021E6DC7F00FF03E7 /* Assets.xcassets */ = {isa = PBXFileReference; lastKnownFileType = folder.assetcatalog; path = Assets.xcassets; sourceTree = "<group>"; };
		048CE16321E6DC7F00FF03E7 /* Base */ = {isa = PBXFileReference; lastKnownFileType = file.storyboard; name = Base; path = Base.lproj/LaunchScreen.storyboard; sourceTree = "<group>"; };
		048CE16521E6DC7F00FF03E7 /* Info.plist */ = {isa = PBXFileReference; lastKnownFileType = text.plist.xml; path = Info.plist; sourceTree = "<group>"; };
		048CE16621E6DC7F00FF03E7 /* main.m */ = {isa = PBXFileReference; lastKnownFileType = sourcecode.c.objc; path = main.m; sourceTree = "<group>"; };
		048CE17721E6F10900FF03E7 /* WQHomeViewController.h */ = {isa = PBXFileReference; lastKnownFileType = sourcecode.c.h; path = WQHomeViewController.h; sourceTree = "<group>"; };
		048CE17821E6F10900FF03E7 /* WQHomeViewController.m */ = {isa = PBXFileReference; lastKnownFileType = sourcecode.c.objc; path = WQHomeViewController.m; sourceTree = "<group>"; };
		048CE19121E7142000FF03E7 /* WGControllerPush.m */ = {isa = PBXFileReference; fileEncoding = 4; lastKnownFileType = sourcecode.c.objc; path = WGControllerPush.m; sourceTree = "<group>"; };
		048CE19221E7142000FF03E7 /* WGControllerPush.h */ = {isa = PBXFileReference; fileEncoding = 4; lastKnownFileType = sourcecode.c.h; path = WGControllerPush.h; sourceTree = "<group>"; };
		048CE19521E717A100FF03E7 /* UIButton+WWBtnClickDelay.h */ = {isa = PBXFileReference; fileEncoding = 4; lastKnownFileType = sourcecode.c.h; path = "UIButton+WWBtnClickDelay.h"; sourceTree = "<group>"; };
		048CE19621E717A100FF03E7 /* UIButton+WWBtnClickDelay.m */ = {isa = PBXFileReference; fileEncoding = 4; lastKnownFileType = sourcecode.c.objc; path = "UIButton+WWBtnClickDelay.m"; sourceTree = "<group>"; };
		048CE19921E7429400FF03E7 /* WQLoadingView.h */ = {isa = PBXFileReference; lastKnownFileType = sourcecode.c.h; path = WQLoadingView.h; sourceTree = "<group>"; };
		048CE19A21E7429400FF03E7 /* WQLoadingView.m */ = {isa = PBXFileReference; lastKnownFileType = sourcecode.c.objc; path = WQLoadingView.m; sourceTree = "<group>"; };
/* End PBXFileReference section */

/* Begin PBXFrameworksBuildPhase section */
		048CE15121E6DC7D00FF03E7 /* Frameworks */ = {
			isa = PBXFrameworksBuildPhase;
			buildActionMask = 2147483647;
			files = (
			);
			runOnlyForDeploymentPostprocessing = 0;
		};
/* End PBXFrameworksBuildPhase section */

/* Begin PBXGroup section */
		044AAB7721E82A7F009F0EA2 /* UIView+ Frame */ = {
			isa = PBXGroup;
			children = (
				044AAB7821E82AA3009F0EA2 /* UIView+WQFrame.h */,
				044AAB7921E82AA3009F0EA2 /* UIView+WQFrame.m */,
			);
			path = "UIView+ Frame";
			sourceTree = "<group>";
		};
		044AAB7B21E86CCC009F0EA2 /* NotificationHelper */ = {
			isa = PBXGroup;
			children = (
				044AAB7C21E86CCC009F0EA2 /* NotificationHelper.h */,
				044AAB7D21E86CCC009F0EA2 /* NSObject+NotificationHelper.h */,
				044AAB7E21E86CCC009F0EA2 /* NSObject+NotificationHelper.m */,
			);
			path = NotificationHelper;
			sourceTree = "<group>";
		};
		048CE14B21E6DC7D00FF03E7 = {
			isa = PBXGroup;
			children = (
				048CE15621E6DC7D00FF03E7 /* BaseAPPFramework */,
				048CE15521E6DC7D00FF03E7 /* Products */,
			);
			sourceTree = "<group>";
		};
		048CE15521E6DC7D00FF03E7 /* Products */ = {
			isa = PBXGroup;
			children = (
				048CE15421E6DC7D00FF03E7 /* BaseAPPFramework.app */,
			);
			name = Products;
			sourceTree = "<group>";
		};
		048CE15621E6DC7D00FF03E7 /* BaseAPPFramework */ = {
			isa = PBXGroup;
			children = (
				048CE18921E712DC00FF03E7 /* WQQToolsKit */,
				048CE15721E6DC7D00FF03E7 /* AppDelegate.h */,
				048CE15821E6DC7D00FF03E7 /* AppDelegate.m */,
				048CE17621E6F0F400FF03E7 /* Classes */,
				048CE15A21E6DC7D00FF03E7 /* ViewController.h */,
				048CE15B21E6DC7D00FF03E7 /* ViewController.m */,
				048CE15D21E6DC7D00FF03E7 /* Main.storyboard */,
				048CE16021E6DC7F00FF03E7 /* Assets.xcassets */,
				048CE16221E6DC7F00FF03E7 /* LaunchScreen.storyboard */,
				048CE16521E6DC7F00FF03E7 /* Info.plist */,
				048CE16621E6DC7F00FF03E7 /* main.m */,
			);
			path = BaseAPPFramework;
			sourceTree = "<group>";
		};
		048CE17621E6F0F400FF03E7 /* Classes */ = {
			isa = PBXGroup;
			children = (
				048CE17721E6F10900FF03E7 /* WQHomeViewController.h */,
				048CE17821E6F10900FF03E7 /* WQHomeViewController.m */,
			);
			path = Classes;
			sourceTree = "<group>";
		};
		048CE18921E712DC00FF03E7 /* WQQToolsKit */ = {
			isa = PBXGroup;
			children = (
				044AAB7B21E86CCC009F0EA2 /* NotificationHelper */,
				044AAB7721E82A7F009F0EA2 /* UIView+ Frame */,
				048CE19821E7426E00FF03E7 /* WQLoadingView */,
				048CE19421E7179700FF03E7 /* UIButton */,
				048CE18D21E713A400FF03E7 /* PushTools */,
			);
			path = WQQToolsKit;
			sourceTree = "<group>";
		};
		048CE18D21E713A400FF03E7 /* PushTools */ = {
			isa = PBXGroup;
			children = (
				048CE19221E7142000FF03E7 /* WGControllerPush.h */,
				048CE19121E7142000FF03E7 /* WGControllerPush.m */,
			);
			path = PushTools;
			sourceTree = "<group>";
		};
		048CE19421E7179700FF03E7 /* UIButton */ = {
			isa = PBXGroup;
			children = (
				048CE19521E717A100FF03E7 /* UIButton+WWBtnClickDelay.h */,
				048CE19621E717A100FF03E7 /* UIButton+WWBtnClickDelay.m */,
			);
			path = UIButton;
			sourceTree = "<group>";
		};
		048CE19821E7426E00FF03E7 /* WQLoadingView */ = {
			isa = PBXGroup;
			children = (
				048CE19921E7429400FF03E7 /* WQLoadingView.h */,
				048CE19A21E7429400FF03E7 /* WQLoadingView.m */,
			);
			path = WQLoadingView;
			sourceTree = "<group>";
		};
/* End PBXGroup section */

/* Begin PBXNativeTarget section */
		048CE15321E6DC7D00FF03E7 /* BaseAPPFramework */ = {
			isa = PBXNativeTarget;
			buildConfigurationList = 048CE16A21E6DC7F00FF03E7 /* Build configuration list for PBXNativeTarget "BaseAPPFramework" */;
			buildPhases = (
				048CE15021E6DC7D00FF03E7 /* Sources */,
				048CE15121E6DC7D00FF03E7 /* Frameworks */,
				048CE15221E6DC7D00FF03E7 /* Resources */,
			);
			buildRules = (
			);
			dependencies = (
			);
			name = BaseAPPFramework;
			productName = BaseAPPFramework;
			productReference = 048CE15421E6DC7D00FF03E7 /* BaseAPPFramework.app */;
			productType = "com.apple.product-type.application";
		};
/* End PBXNativeTarget section */

/* Begin PBXProject section */
		048CE14C21E6DC7D00FF03E7 /* Project object */ = {
			isa = PBXProject;
			attributes = {
				LastUpgradeCheck = 1000;
				ORGANIZATIONNAME = Robinson;
				TargetAttributes = {
					048CE15321E6DC7D00FF03E7 = {
						CreatedOnToolsVersion = 10.0;
					};
				};
			};
			buildConfigurationList = 048CE14F21E6DC7D00FF03E7 /* Build configuration list for PBXProject "BaseAPPFramework" */;
			compatibilityVersion = "Xcode 9.3";
			developmentRegion = en;
			hasScannedForEncodings = 0;
			knownRegions = (
				en,
				Base,
			);
			mainGroup = 048CE14B21E6DC7D00FF03E7;
			productRefGroup = 048CE15521E6DC7D00FF03E7 /* Products */;
			projectDirPath = "";
			projectRoot = "";
			targets = (
				048CE15321E6DC7D00FF03E7 /* BaseAPPFramework */,
			);
		};
/* End PBXProject section */

/* Begin PBXResourcesBuildPhase section */
		048CE15221E6DC7D00FF03E7 /* Resources */ = {
			isa = PBXResourcesBuildPhase;
			buildActionMask = 2147483647;
			files = (
				048CE16421E6DC7F00FF03E7 /* LaunchScreen.storyboard in Resources */,
				048CE16121E6DC7F00FF03E7 /* Assets.xcassets in Resources */,
				048CE15F21E6DC7D00FF03E7 /* Main.storyboard in Resources */,
			);
			runOnlyForDeploymentPostprocessing = 0;
		};
/* End PBXResourcesBuildPhase section */

/* Begin PBXSourcesBuildPhase section */
		048CE15021E6DC7D00FF03E7 /* Sources */ = {
			isa = PBXSourcesBuildPhase;
			buildActionMask = 2147483647;
			files = (
				044AAB7A21E82AA3009F0EA2 /* UIView+WQFrame.m in Sources */,
				048CE19721E717A100FF03E7 /* UIButton+WWBtnClickDelay.m in Sources */,
				044AAB7F21E86CCC009F0EA2 /* NSObject+NotificationHelper.m in Sources */,
				048CE15C21E6DC7D00FF03E7 /* ViewController.m in Sources */,
				048CE19321E7142000FF03E7 /* WGControllerPush.m in Sources */,
				048CE16721E6DC7F00FF03E7 /* main.m in Sources */,
				048CE15921E6DC7D00FF03E7 /* AppDelegate.m in Sources */,
				048CE17921E6F10900FF03E7 /* WQHomeViewController.m in Sources */,
				048CE19B21E7429400FF03E7 /* WQLoadingView.m in Sources */,
			);
			runOnlyForDeploymentPostprocessing = 0;
		};
/* End PBXSourcesBuildPhase section */

/* Begin PBXVariantGroup section */
		048CE15D21E6DC7D00FF03E7 /* Main.storyboard */ = {
			isa = PBXVariantGroup;
			children = (
				048CE15E21E6DC7D00FF03E7 /* Base */,
			);
			name = Main.storyboard;
			sourceTree = "<group>";
		};
		048CE16221E6DC7F00FF03E7 /* LaunchScreen.storyboard */ = {
			isa = PBXVariantGroup;
			children = (
				048CE16321E6DC7F00FF03E7 /* Base */,
			);
			name = LaunchScreen.storyboard;
			sourceTree = "<group>";
		};
/* End PBXVariantGroup section */

/* Begin XCBuildConfiguration section */
		048CE16821E6DC7F00FF03E7 /* Debug */ = {
			isa = XCBuildConfiguration;
			buildSettings = {
				ALWAYS_SEARCH_USER_PATHS = NO;
				CLANG_ANALYZER_NONNULL = YES;
				CLANG_ANALYZER_NUMBER_OBJECT_CONVERSION = YES_AGGRESSIVE;
				CLANG_CXX_LANGUAGE_STANDARD = "gnu++14";
				CLANG_CXX_LIBRARY = "libc++";
				CLANG_ENABLE_MODULES = YES;
				CLANG_ENABLE_OBJC_ARC = YES;
				CLANG_ENABLE_OBJC_WEAK = YES;
				CLANG_WARN_BLOCK_CAPTURE_AUTORELEASING = YES;
				CLANG_WARN_BOOL_CONVERSION = YES;
				CLANG_WARN_COMMA = YES;
				CLANG_WARN_CONSTANT_CONVERSION = YES;
				CLANG_WARN_DEPRECATED_OBJC_IMPLEMENTATIONS = YES;
				CLANG_WARN_DIRECT_OBJC_ISA_USAGE = YES_ERROR;
				CLANG_WARN_DOCUMENTATION_COMMENTS = YES;
				CLANG_WARN_EMPTY_BODY = YES;
				CLANG_WARN_ENUM_CONVERSION = YES;
				CLANG_WARN_INFINITE_RECURSION = YES;
				CLANG_WARN_INT_CONVERSION = YES;
				CLANG_WARN_NON_LITERAL_NULL_CONVERSION = YES;
				CLANG_WARN_OBJC_IMPLICIT_RETAIN_SELF = YES;
				CLANG_WARN_OBJC_LITERAL_CONVERSION = YES;
				CLANG_WARN_OBJC_ROOT_CLASS = YES_ERROR;
				CLANG_WARN_RANGE_LOOP_ANALYSIS = YES;
				CLANG_WARN_STRICT_PROTOTYPES = YES;
				CLANG_WARN_SUSPICIOUS_MOVE = YES;
				CLANG_WARN_UNGUARDED_AVAILABILITY = YES_AGGRESSIVE;
				CLANG_WARN_UNREACHABLE_CODE = YES;
				CLANG_WARN__DUPLICATE_METHOD_MATCH = YES;
				CODE_SIGN_IDENTITY = "iPhone Developer";
				COPY_PHASE_STRIP = NO;
				DEBUG_INFORMATION_FORMAT = dwarf;
				ENABLE_STRICT_OBJC_MSGSEND = YES;
				ENABLE_TESTABILITY = YES;
				GCC_C_LANGUAGE_STANDARD = gnu11;
				GCC_DYNAMIC_NO_PIC = NO;
				GCC_NO_COMMON_BLOCKS = YES;
				GCC_OPTIMIZATION_LEVEL = 0;
				GCC_PREPROCESSOR_DEFINITIONS = (
					"DEBUG=1",
					"$(inherited)",
				);
				GCC_WARN_64_TO_32_BIT_CONVERSION = YES;
				GCC_WARN_ABOUT_RETURN_TYPE = YES_ERROR;
				GCC_WARN_UNDECLARED_SELECTOR = YES;
				GCC_WARN_UNINITIALIZED_AUTOS = YES_AGGRESSIVE;
				GCC_WARN_UNUSED_FUNCTION = YES;
				GCC_WARN_UNUSED_VARIABLE = YES;
				IPHONEOS_DEPLOYMENT_TARGET = 12.0;
				MTL_ENABLE_DEBUG_INFO = INCLUDE_SOURCE;
				MTL_FAST_MATH = YES;
				ONLY_ACTIVE_ARCH = YES;
				SDKROOT = iphoneos;
			};
			name = Debug;
		};
		048CE16921E6DC7F00FF03E7 /* Release */ = {
			isa = XCBuildConfiguration;
			buildSettings = {
				ALWAYS_SEARCH_USER_PATHS = NO;
				CLANG_ANALYZER_NONNULL = YES;
				CLANG_ANALYZER_NUMBER_OBJECT_CONVERSION = YES_AGGRESSIVE;
				CLANG_CXX_LANGUAGE_STANDARD = "gnu++14";
				CLANG_CXX_LIBRARY = "libc++";
				CLANG_ENABLE_MODULES = YES;
				CLANG_ENABLE_OBJC_ARC = YES;
				CLANG_ENABLE_OBJC_WEAK = YES;
				CLANG_WARN_BLOCK_CAPTURE_AUTORELEASING = YES;
				CLANG_WARN_BOOL_CONVERSION = YES;
				CLANG_WARN_COMMA = YES;
				CLANG_WARN_CONSTANT_CONVERSION = YES;
				CLANG_WARN_DEPRECATED_OBJC_IMPLEMENTATIONS = YES;
				CLANG_WARN_DIRECT_OBJC_ISA_USAGE = YES_ERROR;
				CLANG_WARN_DOCUMENTATION_COMMENTS = YES;
				CLANG_WARN_EMPTY_BODY = YES;
				CLANG_WARN_ENUM_CONVERSION = YES;
				CLANG_WARN_INFINITE_RECURSION = YES;
				CLANG_WARN_INT_CONVERSION = YES;
				CLANG_WARN_NON_LITERAL_NULL_CONVERSION = YES;
				CLANG_WARN_OBJC_IMPLICIT_RETAIN_SELF = YES;
				CLANG_WARN_OBJC_LITERAL_CONVERSION = YES;
				CLANG_WARN_OBJC_ROOT_CLASS = YES_ERROR;
				CLANG_WARN_RANGE_LOOP_ANALYSIS = YES;
				CLANG_WARN_STRICT_PROTOTYPES = YES;
				CLANG_WARN_SUSPICIOUS_MOVE = YES;
				CLANG_WARN_UNGUARDED_AVAILABILITY = YES_AGGRESSIVE;
				CLANG_WARN_UNREACHABLE_CODE = YES;
				CLANG_WARN__DUPLICATE_METHOD_MATCH = YES;
				CODE_SIGN_IDENTITY = "iPhone Developer";
				COPY_PHASE_STRIP = NO;
				DEBUG_INFORMATION_FORMAT = "dwarf-with-dsym";
				ENABLE_NS_ASSERTIONS = NO;
				ENABLE_STRICT_OBJC_MSGSEND = YES;
				GCC_C_LANGUAGE_STANDARD = gnu11;
				GCC_NO_COMMON_BLOCKS = YES;
				GCC_WARN_64_TO_32_BIT_CONVERSION = YES;
				GCC_WARN_ABOUT_RETURN_TYPE = YES_ERROR;
				GCC_WARN_UNDECLARED_SELECTOR = YES;
				GCC_WARN_UNINITIALIZED_AUTOS = YES_AGGRESSIVE;
				GCC_WARN_UNUSED_FUNCTION = YES;
				GCC_WARN_UNUSED_VARIABLE = YES;
				IPHONEOS_DEPLOYMENT_TARGET = 12.0;
				MTL_ENABLE_DEBUG_INFO = NO;
				MTL_FAST_MATH = YES;
				SDKROOT = iphoneos;
				VALIDATE_PRODUCT = YES;
			};
			name = Release;
		};
		048CE16B21E6DC7F00FF03E7 /* Debug */ = {
			isa = XCBuildConfiguration;
			buildSettings = {
				ASSETCATALOG_COMPILER_APPICON_NAME = AppIcon;
				CODE_SIGN_STYLE = Automatic;
				INFOPLIST_FILE = BaseAPPFramework/Info.plist;
				IPHONEOS_DEPLOYMENT_TARGET = 9.0;
				LD_RUNPATH_SEARCH_PATHS = (
					"$(inherited)",
					"@executable_path/Frameworks",
				);
				PRODUCT_BUNDLE_IDENTIFIER = com.XL.BaseAPPFramework;
				PRODUCT_NAME = "$(TARGET_NAME)";
				TARGETED_DEVICE_FAMILY = "1,2";
			};
			name = Debug;
		};
		048CE16C21E6DC7F00FF03E7 /* Release */ = {
			isa = XCBuildConfiguration;
			buildSettings = {
				ASSETCATALOG_COMPILER_APPICON_NAME = AppIcon;
				CODE_SIGN_STYLE = Automatic;
				INFOPLIST_FILE = BaseAPPFramework/Info.plist;
				IPHONEOS_DEPLOYMENT_TARGET = 9.0;
				LD_RUNPATH_SEARCH_PATHS = (
					"$(inherited)",
					"@executable_path/Frameworks",
				);
				PRODUCT_BUNDLE_IDENTIFIER = com.XL.BaseAPPFramework;
				PRODUCT_NAME = "$(TARGET_NAME)";
				TARGETED_DEVICE_FAMILY = "1,2";
			};
			name = Release;
		};
/* End XCBuildConfiguration section */

/* Begin XCConfigurationList section */
		048CE14F21E6DC7D00FF03E7 /* Build configuration list for PBXProject "BaseAPPFramework" */ = {
			isa = XCConfigurationList;
			buildConfigurations = (
				048CE16821E6DC7F00FF03E7 /* Debug */,
				048CE16921E6DC7F00FF03E7 /* Release */,
			);
			defaultConfigurationIsVisible = 0;
			defaultConfigurationName = Release;
		};
		048CE16A21E6DC7F00FF03E7 /* Build configuration list for PBXNativeTarget "BaseAPPFramework" */ = {
			isa = XCConfigurationList;
			buildConfigurations = (
				048CE16B21E6DC7F00FF03E7 /* Debug */,
				048CE16C21E6DC7F00FF03E7 /* Release */,
			);
			defaultConfigurationIsVisible = 0;
			defaultConfigurationName = Release;
		};
/* End XCConfigurationList section */
	};
	rootObject = 048CE14C21E6DC7D00FF03E7 /* Project object */;
}
